
Microsoft Visual Studio Solution File, Format Version 12.00
# Visual Studio Version 17
VisualStudioVersion = 17.7.34024.191
MinimumVisualStudioVersion = 10.0.40219.1
Project("{FAE04EC0-301F-11D3-BF4B-00C04F79EFBC}") = "ModuleProgram", "ModuleProgram\ModuleProgram.csproj", "{D6B82029-533C-4B40-A8C9-08248DEA0AAE}"
EndProject
Global
	GlobalSection(SolutionConfigurationPlatforms) = preSolution
		Debug|Any CPU = Debug|Any CPU
		Release|Any CPU = Release|Any CPU
	EndGlobalSection
	GlobalSection(ProjectConfigurationPlatforms) = postSolution
		{D6B82029-533C-4B40-A8C9-08248DEA0AAE}.Debug|Any CPU.ActiveCfg = Debug|Any CPU
		{D6B82029-533C-4B40-A8C9-08248DEA0AAE}.Debug|Any CPU.Build.0 = Debug|Any CPU
		{D6B82029-533C-4B40-A8C9-08248DEA0AAE}.Release|Any CPU.ActiveCfg = Release|Any CPU
		{D6B82029-533C-4B40-A8C9-08248DEA0AAE}.Release|Any CPU.Build.0 = Release|Any CPU
	EndGlobalSection
	GlobalSection(SolutionProperties) = preSolution
		HideSolutionNode = FALSE
	EndGlobalSection
	GlobalSection(ExtensibilityGlobals) = postSolution
		SolutionGuid = {8289EA23-D86B-41FF-875E-A7185BF2B90F}
	EndGlobalSection
EndGlobal
